// !$*UTF8*$!
{
	archiveVersion = 1;
	classes = {
	};
	objectVersion = 50;
	objects = {

/* Begin PBXBuildFile section */
		630DEC99210DC9CF00A9945D /* Cheese.swift in Sources */ = {isa = PBXBuildFile; fileRef = 630DEC98210DC9CF00A9945D /* Cheese.swift */; };
		630DEC9B210DCA5F00A9945D /* Pepperoni.swift in Sources */ = {isa = PBXBuildFile; fileRef = 630DEC9A210DCA5F00A9945D /* Pepperoni.swift */; };
		630DEC9D210DCAF400A9945D /* PizzaIngredientFactory.swift in Sources */ = {isa = PBXBuildFile; fileRef = 630DEC9C210DCAF400A9945D /* PizzaIngredientFactory.swift */; };
		6357E30121096FEC00DB52BE /* main.swift in Sources */ = {isa = PBXBuildFile; fileRef = 6357E30021096FEC00DB52BE /* main.swift */; };
		6357E3082109713800DB52BE /* PizzaStore.swift in Sources */ = {isa = PBXBuildFile; fileRef = 6357E3072109713800DB52BE /* PizzaStore.swift */; };
		6357E30A2109719A00DB52BE /* Pizza.swift in Sources */ = {isa = PBXBuildFile; fileRef = 6357E3092109719A00DB52BE /* Pizza.swift */; };
		6357E314210AE99900DB52BE /* BJPizzaStore.swift in Sources */ = {isa = PBXBuildFile; fileRef = 6357E313210AE99900DB52BE /* BJPizzaStore.swift */; };
		6357E316210AE9AC00DB52BE /* CDPizzaStore.swift in Sources */ = {isa = PBXBuildFile; fileRef = 6357E315210AE9AC00DB52BE /* CDPizzaStore.swift */; };
/* End PBXBuildFile section */

/* Begin PBXCopyFilesBuildPhase section */
		6357E2FB21096FEC00DB52BE /* CopyFiles */ = {
			isa = PBXCopyFilesBuildPhase;
			buildActionMask = 2147483647;
			dstPath = /usr/share/man/man1/;
			dstSubfolderSpec = 0;
			files = (
			);
			runOnlyForDeploymentPostprocessing = 1;
		};
/* End PBXCopyFilesBuildPhase section */

/* Begin PBXFileReference section */
		630DEC98210DC9CF00A9945D /* Cheese.swift */ = {isa = PBXFileReference; lastKnownFileType = sourcecode.swift; path = Cheese.swift; sourceTree = "<group>"; };
		630DEC9A210DCA5F00A9945D /* Pepperoni.swift */ = {isa = PBXFileReference; lastKnownFileType = sourcecode.swift; path = Pepperoni.swift; sourceTree = "<group>"; };
		630DEC9C210DCAF400A9945D /* PizzaIngredientFactory.swift */ = {isa = PBXFileReference; lastKnownFileType = sourcecode.swift; path = PizzaIngredientFactory.swift; sourceTree = "<group>"; };
		6357E2FD21096FEC00DB52BE /* Factory */ = {isa = PBXFileReference; explicitFileType = "compiled.mach-o.executable"; includeInIndex = 0; path = Factory; sourceTree = BUILT_PRODUCTS_DIR; };
		6357E30021096FEC00DB52BE /* main.swift */ = {isa = PBXFileReference; lastKnownFileType = sourcecode.swift; path = main.swift; sourceTree = "<group>"; };
		6357E3072109713800DB52BE /* PizzaStore.swift */ = {isa = PBXFileReference; lastKnownFileType = sourcecode.swift; path = PizzaStore.swift; sourceTree = "<group>"; };
		6357E3092109719A00DB52BE /* Pizza.swift */ = {isa = PBXFileReference; lastKnownFileType = sourcecode.swift; path = Pizza.swift; sourceTree = "<group>"; };
		6357E313210AE99900DB52BE /* BJPizzaStore.swift */ = {isa = PBXFileReference; lastKnownFileType = sourcecode.swift; path = BJPizzaStore.swift; sourceTree = "<group>"; };
		6357E315210AE9AC00DB52BE /* CDPizzaStore.swift */ = {isa = PBXFileReference; lastKnownFileType = sourcecode.swift; path = CDPizzaStore.swift; sourceTree = "<group>"; };
/* End PBXFileReference section */

/* Begin PBXFrameworksBuildPhase section */
		6357E2FA21096FEC00DB52BE /* Frameworks */ = {
			isa = PBXFrameworksBuildPhase;
			buildActionMask = 2147483647;
			files = (
			);
			runOnlyForDeploymentPostprocessing = 0;
		};
/* End PBXFrameworksBuildPhase section */

/* Begin PBXGroup section */
		6357E2F421096FEC00DB52BE = {
			isa = PBXGroup;
			children = (
				6357E2FF21096FEC00DB52BE /* Factory */,
				6357E2FE21096FEC00DB52BE /* Products */,
			);
			sourceTree = "<group>";
		};
		6357E2FE21096FEC00DB52BE /* Products */ = {
			isa = PBXGroup;
			children = (
				6357E2FD21096FEC00DB52BE /* Factory */,
			);
			name = Products;
			sourceTree = "<group>";
		};
		6357E2FF21096FEC00DB52BE /* Factory */ = {
			isa = PBXGroup;
			children = (
				6357E30021096FEC00DB52BE /* main.swift */,
				6357E3092109719A00DB52BE /* Pizza.swift */,
				6357E3072109713800DB52BE /* PizzaStore.swift */,
				6357E313210AE99900DB52BE /* BJPizzaStore.swift */,
				6357E315210AE9AC00DB52BE /* CDPizzaStore.swift */,
				630DEC98210DC9CF00A9945D /* Cheese.swift */,
				630DEC9A210DCA5F00A9945D /* Pepperoni.swift */,
				630DEC9C210DCAF400A9945D /* PizzaIngredientFactory.swift */,
			);
			path = Factory;
			sourceTree = "<group>";
		};
/* End PBXGroup section */

/* Begin PBXNativeTarget section */
		6357E2FC21096FEC00DB52BE /* Factory */ = {
			isa = PBXNativeTarget;
			buildConfigurationList = 6357E30421096FEC00DB52BE /* Build configuration list for PBXNativeTarget "Factory" */;
			buildPhases = (
				6357E2F921096FEC00DB52BE /* Sources */,
				6357E2FA21096FEC00DB52BE /* Frameworks */,
				6357E2FB21096FEC00DB52BE /* CopyFiles */,
			);
			buildRules = (
			);
			dependencies = (
			);
			name = Factory;
			productName = Factory;
			productReference = 6357E2FD21096FEC00DB52BE /* Factory */;
			productType = "com.apple.product-type.tool";
		};
/* End PBXNativeTarget section */

/* Begin PBXProject section */
		6357E2F521096FEC00DB52BE /* Project object */ = {
			isa = PBXProject;
			attributes = {
				LastSwiftUpdateCheck = 0940;
				LastUpgradeCheck = 0940;
				ORGANIZATIONNAME = zhouke;
				TargetAttributes = {
					6357E2FC21096FEC00DB52BE = {
						CreatedOnToolsVersion = 9.4;
					};
				};
			};
			buildConfigurationList = 6357E2F821096FEC00DB52BE /* Build configuration list for PBXProject "Factory" */;
			compatibilityVersion = "Xcode 9.3";
			developmentRegion = en;
			hasScannedForEncodings = 0;
			knownRegions = (
				en,
			);
			mainGroup = 6357E2F421096FEC00DB52BE;
			productRefGroup = 6357E2FE21096FEC00DB52BE /* Products */;
			projectDirPath = "";
			projectRoot = "";
			targets = (
				6357E2FC21096FEC00DB52BE /* Factory */,
			);
		};
/* End PBXProject section */

/* Begin PBXSourcesBuildPhase section */
		6357E2F921096FEC00DB52BE /* Sources */ = {
			isa = PBXSourcesBuildPhase;
			buildActionMask = 2147483647;
			files = (
				6357E314210AE99900DB52BE /* BJPizzaStore.swift in Sources */,
				630DEC9B210DCA5F00A9945D /* Pepperoni.swift in Sources */,
				6357E3082109713800DB52BE /* PizzaStore.swift in Sources */,
				630DEC99210DC9CF00A9945D /* Cheese.swift in Sources */,
				6357E316210AE9AC00DB52BE /* CDPizzaStore.swift in Sources */,
				6357E30121096FEC00DB52BE /* main.swift in Sources */,
				630DEC9D210DCAF400A9945D /* PizzaIngredientFactory.swift in Sources */,
				6357E30A2109719A00DB52BE /* Pizza.swift in Sources */,
			);
			runOnlyForDeploymentPostprocessing = 0;
		};
/* End PBXSourcesBuildPhase section */

/* Begin XCBuildConfiguration section */
		6357E30221096FEC00DB52BE /* Debug */ = {
			isa = XCBuildConfiguration;
			buildSettings = {
				ALWAYS_SEARCH_USER_PATHS = NO;
				CLANG_ANALYZER_NONNULL = YES;
				CLANG_ANALYZER_NUMBER_OBJECT_CONVERSION = YES_AGGRESSIVE;
				CLANG_CXX_LANGUAGE_STANDARD = "gnu++14";
				CLANG_CXX_LIBRARY = "libc++";
				CLANG_ENABLE_MODULES = YES;
				CLANG_ENABLE_OBJC_ARC = YES;
				CLANG_ENABLE_OBJC_WEAK = YES;
				CLANG_WARN_BLOCK_CAPTURE_AUTORELEASING = YES;
				CLANG_WARN_BOOL_CONVERSION = YES;
				CLANG_WARN_COMMA = YES;
				CLANG_WARN_CONSTANT_CONVERSION = YES;
				CLANG_WARN_DEPRECATED_OBJC_IMPLEMENTATIONS = YES;
				CLANG_WARN_DIRECT_OBJC_ISA_USAGE = YES_ERROR;
				CLANG_WARN_DOCUMENTATION_COMMENTS = YES;
				CLANG_WARN_EMPTY_BODY = YES;
				CLANG_WARN_ENUM_CONVERSION = YES;
				CLANG_WARN_INFINITE_RECURSION = YES;
				CLANG_WARN_INT_CONVERSION = YES;
				CLANG_WARN_NON_LITERAL_NULL_CONVERSION = YES;
				CLANG_WARN_OBJC_IMPLICIT_RETAIN_SELF = YES;
				CLANG_WARN_OBJC_LITERAL_CONVERSION = YES;
				CLANG_WARN_OBJC_ROOT_CLASS = YES_ERROR;
				CLANG_WARN_RANGE_LOOP_ANALYSIS = YES;
				CLANG_WARN_STRICT_PROTOTYPES = YES;
				CLANG_WARN_SUSPICIOUS_MOVE = YES;
				CLANG_WARN_UNGUARDED_AVAILABILITY = YES_AGGRESSIVE;
				CLANG_WARN_UNREACHABLE_CODE = YES;
				CLANG_WARN__DUPLICATE_METHOD_MATCH = YES;
				CODE_SIGN_IDENTITY = "Mac Developer";
				COPY_PHASE_STRIP = NO;
				DEBUG_INFORMATION_FORMAT = dwarf;
				ENABLE_STRICT_OBJC_MSGSEND = YES;
				ENABLE_TESTABILITY = YES;
				GCC_C_LANGUAGE_STANDARD = gnu11;
				GCC_DYNAMIC_NO_PIC = NO;
				GCC_NO_COMMON_BLOCKS = YES;
				GCC_OPTIMIZATION_LEVEL = 0;
				GCC_PREPROCESSOR_DEFINITIONS = (
					"DEBUG=1",
					"$(inherited)",
				);
				GCC_WARN_64_TO_32_BIT_CONVERSION = YES;
				GCC_WARN_ABOUT_RETURN_TYPE = YES_ERROR;
				GCC_WARN_UNDECLARED_SELECTOR = YES;
				GCC_WARN_UNINITIALIZED_AUTOS = YES_AGGRESSIVE;
				GCC_WARN_UNUSED_FUNCTION = YES;
				GCC_WARN_UNUSED_VARIABLE = YES;
				MACOSX_DEPLOYMENT_TARGET = 10.13;
				MTL_ENABLE_DEBUG_INFO = YES;
				ONLY_ACTIVE_ARCH = YES;
				SDKROOT = macosx;
				SWIFT_ACTIVE_COMPILATION_CONDITIONS = DEBUG;
				SWIFT_OPTIMIZATION_LEVEL = "-Onone";
			};
			name = Debug;
		};
		6357E30321096FEC00DB52BE /* Release */ = {
			isa = XCBuildConfiguration;
			buildSettings = {
				ALWAYS_SEARCH_USER_PATHS = NO;
				CLANG_ANALYZER_NONNULL = YES;
				CLANG_ANALYZER_NUMBER_OBJECT_CONVERSION = YES_AGGRESSIVE;
				CLANG_CXX_LANGUAGE_STANDARD = "gnu++14";
				CLANG_CXX_LIBRARY = "libc++";
				CLANG_ENABLE_MODULES = YES;
				CLANG_ENABLE_OBJC_ARC = YES;
				CLANG_ENABLE_OBJC_WEAK = YES;
				CLANG_WARN_BLOCK_CAPTURE_AUTORELEASING = YES;
				CLANG_WARN_BOOL_CONVERSION = YES;
				CLANG_WARN_COMMA = YES;
				CLANG_WARN_CONSTANT_CONVERSION = YES;
				CLANG_WARN_DEPRECATED_OBJC_IMPLEMENTATIONS = YES;
				CLANG_WARN_DIRECT_OBJC_ISA_USAGE = YES_ERROR;
				CLANG_WARN_DOCUMENTATION_COMMENTS = YES;
				CLANG_WARN_EMPTY_BODY = YES;
				CLANG_WARN_ENUM_CONVERSION = YES;
				CLANG_WARN_INFINITE_RECURSION = YES;
				CLANG_WARN_INT_CONVERSION = YES;
				CLANG_WARN_NON_LITERAL_NULL_CONVERSION = YES;
				CLANG_WARN_OBJC_IMPLICIT_RETAIN_SELF = YES;
				CLANG_WARN_OBJC_LITERAL_CONVERSION = YES;
				CLANG_WARN_OBJC_ROOT_CLASS = YES_ERROR;
				CLANG_WARN_RANGE_LOOP_ANALYSIS = YES;
				CLANG_WARN_STRICT_PROTOTYPES = YES;
				CLANG_WARN_SUSPICIOUS_MOVE = YES;
				CLANG_WARN_UNGUARDED_AVAILABILITY = YES_AGGRESSIVE;
				CLANG_WARN_UNREACHABLE_CODE = YES;
				CLANG_WARN__DUPLICATE_METHOD_MATCH = YES;
				CODE_SIGN_IDENTITY = "Mac Developer";
				COPY_PHASE_STRIP = NO;
				DEBUG_INFORMATION_FORMAT = "dwarf-with-dsym";
				ENABLE_NS_ASSERTIONS = NO;
				ENABLE_STRICT_OBJC_MSGSEND = YES;
				GCC_C_LANGUAGE_STANDARD = gnu11;
				GCC_NO_COMMON_BLOCKS = YES;
				GCC_WARN_64_TO_32_BIT_CONVERSION = YES;
				GCC_WARN_ABOUT_RETURN_TYPE = YES_ERROR;
				GCC_WARN_UNDECLARED_SELECTOR = YES;
				GCC_WARN_UNINITIALIZED_AUTOS = YES_AGGRESSIVE;
				GCC_WARN_UNUSED_FUNCTION = YES;
				GCC_WARN_UNUSED_VARIABLE = YES;
				MACOSX_DEPLOYMENT_TARGET = 10.13;
				MTL_ENABLE_DEBUG_INFO = NO;
				SDKROOT = macosx;
				SWIFT_COMPILATION_MODE = wholemodule;
				SWIFT_OPTIMIZATION_LEVEL = "-O";
			};
			name = Release;
		};
		6357E30521096FEC00DB52BE /* Debug */ = {
			isa = XCBuildConfiguration;
			buildSettings = {
				CODE_SIGN_IDENTITY = "Mac Developer";
				CODE_SIGN_STYLE = Automatic;
				DEVELOPMENT_TEAM = 7S7X7B8PE5;
				PRODUCT_NAME = "$(TARGET_NAME)";
				PROVISIONING_PROFILE_SPECIFIER = "";
				SWIFT_VERSION = 4.0;
			};
			name = Debug;
		};
		6357E30621096FEC00DB52BE /* Release */ = {
			isa = XCBuildConfiguration;
			buildSettings = {
				CODE_SIGN_IDENTITY = "Mac Developer";
				CODE_SIGN_STYLE = Automatic;
				DEVELOPMENT_TEAM = 7S7X7B8PE5;
				PRODUCT_NAME = "$(TARGET_NAME)";
				PROVISIONING_PROFILE_SPECIFIER = "";
				SWIFT_VERSION = 4.0;
			};
			name = Release;
		};
/* End XCBuildConfiguration section */

/* Begin XCConfigurationList section */
		6357E2F821096FEC00DB52BE /* Build configuration list for PBXProject "Factory" */ = {
			isa = XCConfigurationList;
			buildConfigurations = (
				6357E30221096FEC00DB52BE /* Debug */,
				6357E30321096FEC00DB52BE /* Release */,
			);
			defaultConfigurationIsVisible = 0;
			defaultConfigurationName = Release;
		};
		6357E30421096FEC00DB52BE /* Build configuration list for PBXNativeTarget "Factory" */ = {
			isa = XCConfigurationList;
			buildConfigurations = (
				6357E30521096FEC00DB52BE /* Debug */,
				6357E30621096FEC00DB52BE /* Release */,
			);
			defaultConfigurationIsVisible = 0;
			defaultConfigurationName = Release;
		};
/* End XCConfigurationList section */
	};
	rootObject = 6357E2F521096FEC00DB52BE /* Project object */;
}
